
Microsoft Visual Studio Solution File, Format Version 12.00
# Visual Studio Version 17
VisualStudioVersion = 17.8.34525.116
MinimumVisualStudioVersion = 10.0.40219.1
Project("{9A19103F-16F7-4668-BE54-9A1E7A4F7556}") = "QuizWhiz.API", "QuizWhiz\QuizWhiz.API.csproj", "{ADC648CE-3503-41DF-AE1A-87C8049167F6}"
	ProjectSection(ProjectDependencies) = postProject
		{12107E14-3B00-4EDB-892D-2E786235FF9F} = {12107E14-3B00-4EDB-892D-2E786235FF9F}
		{4EA5ABCD-803C-43AF-BE7F-6A9952C4DE0E} = {4EA5ABCD-803C-43AF-BE7F-6A9952C4DE0E}
		{8827A480-CBA8-4FCF-B860-1061FDAE401F} = {8827A480-CBA8-4FCF-B860-1061FDAE401F}
	EndProjectSection
EndProject
Project("{9A19103F-16F7-4668-BE54-9A1E7A4F7556}") = "QuizWhiz.Application", "QuizWhiz.Application\QuizWhiz.Application.csproj", "{8827A480-CBA8-4FCF-B860-1061FDAE401F}"
EndProject
Project("{9A19103F-16F7-4668-BE54-9A1E7A4F7556}") = "QuizWhiz.Domain", "QuizWhiz.Domain\QuizWhiz.Domain.csproj", "{4EA5ABCD-803C-43AF-BE7F-6A9952C4DE0E}"
EndProject
Project("{FAE04EC0-301F-11D3-BF4B-00C04F79EFBC}") = "QuizWhiz.DataAccess", "QuizWhiz.DataAccess\QuizWhiz.DataAccess.csproj", "{12107E14-3B00-4EDB-892D-2E786235FF9F}"
EndProject
Global
	GlobalSection(SolutionConfigurationPlatforms) = preSolution
		Debug|Any CPU = Debug|Any CPU
		Release|Any CPU = Release|Any CPU
	EndGlobalSection
	GlobalSection(ProjectConfigurationPlatforms) = postSolution
		{ADC648CE-3503-41DF-AE1A-87C8049167F6}.Debug|Any CPU.ActiveCfg = Debug|Any CPU
		{ADC648CE-3503-41DF-AE1A-87C8049167F6}.Debug|Any CPU.Build.0 = Debug|Any CPU
		{ADC648CE-3503-41DF-AE1A-87C8049167F6}.Release|Any CPU.ActiveCfg = Release|Any CPU
		{ADC648CE-3503-41DF-AE1A-87C8049167F6}.Release|Any CPU.Build.0 = Release|Any CPU
		{8827A480-CBA8-4FCF-B860-1061FDAE401F}.Debug|Any CPU.ActiveCfg = Debug|Any CPU
		{8827A480-CBA8-4FCF-B860-1061FDAE401F}.Debug|Any CPU.Build.0 = Debug|Any CPU
		{8827A480-CBA8-4FCF-B860-1061FDAE401F}.Release|Any CPU.ActiveCfg = Release|Any CPU
		{8827A480-CBA8-4FCF-B860-1061FDAE401F}.Release|Any CPU.Build.0 = Release|Any CPU
		{4EA5ABCD-803C-43AF-BE7F-6A9952C4DE0E}.Debug|Any CPU.ActiveCfg = Debug|Any CPU
		{4EA5ABCD-803C-43AF-BE7F-6A9952C4DE0E}.Debug|Any CPU.Build.0 = Debug|Any CPU
		{4EA5ABCD-803C-43AF-BE7F-6A9952C4DE0E}.Release|Any CPU.ActiveCfg = Release|Any CPU
		{4EA5ABCD-803C-43AF-BE7F-6A9952C4DE0E}.Release|Any CPU.Build.0 = Release|Any CPU
		{12107E14-3B00-4EDB-892D-2E786235FF9F}.Debug|Any CPU.ActiveCfg = Debug|Any CPU
		{12107E14-3B00-4EDB-892D-2E786235FF9F}.Debug|Any CPU.Build.0 = Debug|Any CPU
		{12107E14-3B00-4EDB-892D-2E786235FF9F}.Release|Any CPU.ActiveCfg = Release|Any CPU
		{12107E14-3B00-4EDB-892D-2E786235FF9F}.Release|Any CPU.Build.0 = Release|Any CPU
	EndGlobalSection
	GlobalSection(SolutionProperties) = preSolution
		HideSolutionNode = FALSE
	EndGlobalSection
	GlobalSection(ExtensibilityGlobals) = postSolution
		SolutionGuid = {1B2ABA76-D608-4B53-8396-DB008468FCEA}
	EndGlobalSection
EndGlobal
